// !$*UTF8*$!
{
	archiveVersion = 1;
	classes = {
	};
	objectVersion = 48;
	objects = {

/* Begin PBXBuildFile section */
		7D7B53111FADA53100C8322E /* ViewController2.swift in Sources */ = {isa = PBXBuildFile; fileRef = 7D7B53101FADA53100C8322E /* ViewController2.swift */; };
		7D7B53141FADA55600C8322E /* PuzzleActionCellX.swift in Sources */ = {isa = PBXBuildFile; fileRef = 7D7B53121FADA55500C8322E /* PuzzleActionCellX.swift */; };
		7D7B53151FADA55600C8322E /* PuzzleActionCellX.xib in Resources */ = {isa = PBXBuildFile; fileRef = 7D7B53131FADA55500C8322E /* PuzzleActionCellX.xib */; };
		7DC652D41FAD9B68000EAB74 /* AppDelegate.swift in Sources */ = {isa = PBXBuildFile; fileRef = 7DC652D31FAD9B68000EAB74 /* AppDelegate.swift */; };
		7DC652D61FAD9B68000EAB74 /* ViewController.swift in Sources */ = {isa = PBXBuildFile; fileRef = 7DC652D51FAD9B68000EAB74 /* ViewController.swift */; };
		7DC652D81FAD9B68000EAB74 /* Assets.xcassets in Resources */ = {isa = PBXBuildFile; fileRef = 7DC652D71FAD9B68000EAB74 /* Assets.xcassets */; };
		7DC652DB1FAD9B69000EAB74 /* Main.storyboard in Resources */ = {isa = PBXBuildFile; fileRef = 7DC652D91FAD9B69000EAB74 /* Main.storyboard */; };
		7DDFA7B91FADA2C400B44D93 /* q33.csv in Resources */ = {isa = PBXBuildFile; fileRef = 7DDFA7981FADA2C400B44D93 /* q33.csv */; };
		7DDFA7BA1FADA2C400B44D93 /* CollectionData.plist in Resources */ = {isa = PBXBuildFile; fileRef = 7DDFA7991FADA2C400B44D93 /* CollectionData.plist */; };
		7DDFA7BB1FADA2C400B44D93 /* ButtonActions.swift in Sources */ = {isa = PBXBuildFile; fileRef = 7DDFA79C1FADA2C400B44D93 /* ButtonActions.swift */; };
		7DDFA7BC1FADA2C400B44D93 /* NSView+enable.swift in Sources */ = {isa = PBXBuildFile; fileRef = 7DDFA79D1FADA2C400B44D93 /* NSView+enable.swift */; };
		7DDFA7BD1FADA2C400B44D93 /* SPuzzles.swift in Sources */ = {isa = PBXBuildFile; fileRef = 7DDFA79F1FADA2C400B44D93 /* SPuzzles.swift */; };
		7DDFA7BE1FADA2C400B44D93 /* MPuzzles.m in Sources */ = {isa = PBXBuildFile; fileRef = 7DDFA7A31FADA2C400B44D93 /* MPuzzles.m */; };
		7DDFA7BF1FADA2C400B44D93 /* MBigInteger.swift in Sources */ = {isa = PBXBuildFile; fileRef = 7DDFA7A71FADA2C400B44D93 /* MBigInteger.swift */; };
		7DDFA7C01FADA2C400B44D93 /* BigNumberStr.swift in Sources */ = {isa = PBXBuildFile; fileRef = 7DDFA7A81FADA2C400B44D93 /* BigNumberStr.swift */; };
		7DDFA7C11FADA2C400B44D93 /* DateUtil.swift in Sources */ = {isa = PBXBuildFile; fileRef = 7DDFA7A91FADA2C400B44D93 /* DateUtil.swift */; };
		7DDFA7C21FADA2C400B44D93 /* BigNumber.swift in Sources */ = {isa = PBXBuildFile; fileRef = 7DDFA7AA1FADA2C400B44D93 /* BigNumber.swift */; };
		7DDFA7C31FADA2C400B44D93 /* BigNumberExt.swift in Sources */ = {isa = PBXBuildFile; fileRef = 7DDFA7AB1FADA2C400B44D93 /* BigNumberExt.swift */; };
		7DDFA7C41FADA2C400B44D93 /* ArrayUtil.swift in Sources */ = {isa = PBXBuildFile; fileRef = 7DDFA7AC1FADA2C400B44D93 /* ArrayUtil.swift */; };
		7DDFA7C51FADA2C400B44D93 /* StringExtension.swift in Sources */ = {isa = PBXBuildFile; fileRef = 7DDFA7AD1FADA2C400B44D93 /* StringExtension.swift */; };
		7DDFA7C61FADA2C400B44D93 /* BigInteger.m in Sources */ = {isa = PBXBuildFile; fileRef = 7DDFA7AF1FADA2C400B44D93 /* BigInteger.m */; };
		7DDFA7C71FADA2C400B44D93 /* NSStringUtil.m in Sources */ = {isa = PBXBuildFile; fileRef = 7DDFA7B11FADA2C400B44D93 /* NSStringUtil.m */; };
		7DDFA7C81FADA2C400B44D93 /* MArrayUtil.m in Sources */ = {isa = PBXBuildFile; fileRef = 7DDFA7B41FADA2C400B44D93 /* MArrayUtil.m */; };
		7DDFA7C91FADA2C400B44D93 /* MStack.m in Sources */ = {isa = PBXBuildFile; fileRef = 7DDFA7B61FADA2C400B44D93 /* MStack.m */; };
		7DDFA7CA1FADA2C400B44D93 /* StringUtil.swift in Sources */ = {isa = PBXBuildFile; fileRef = 7DDFA7B71FADA2C400B44D93 /* StringUtil.swift */; };
		7DDFA7CB1FADA2C400B44D93 /* SStack.swift in Sources */ = {isa = PBXBuildFile; fileRef = 7DDFA7B81FADA2C400B44D93 /* SStack.swift */; };
/* End PBXBuildFile section */

/* Begin PBXFileReference section */
		7D7B53101FADA53100C8322E /* ViewController2.swift */ = {isa = PBXFileReference; fileEncoding = 4; lastKnownFileType = sourcecode.swift; path = ViewController2.swift; sourceTree = "<group>"; };
		7D7B53121FADA55500C8322E /* PuzzleActionCellX.swift */ = {isa = PBXFileReference; fileEncoding = 4; lastKnownFileType = sourcecode.swift; path = PuzzleActionCellX.swift; sourceTree = "<group>"; };
		7D7B53131FADA55500C8322E /* PuzzleActionCellX.xib */ = {isa = PBXFileReference; fileEncoding = 4; lastKnownFileType = file.xib; path = PuzzleActionCellX.xib; sourceTree = "<group>"; };
		7DC652D01FAD9B68000EAB74 /* SwiftPuzzles.app */ = {isa = PBXFileReference; explicitFileType = wrapper.application; includeInIndex = 0; path = SwiftPuzzles.app; sourceTree = BUILT_PRODUCTS_DIR; };
		7DC652D31FAD9B68000EAB74 /* AppDelegate.swift */ = {isa = PBXFileReference; lastKnownFileType = sourcecode.swift; path = AppDelegate.swift; sourceTree = "<group>"; };
		7DC652D51FAD9B68000EAB74 /* ViewController.swift */ = {isa = PBXFileReference; lastKnownFileType = sourcecode.swift; path = ViewController.swift; sourceTree = "<group>"; };
		7DC652D71FAD9B68000EAB74 /* Assets.xcassets */ = {isa = PBXFileReference; lastKnownFileType = folder.assetcatalog; path = Assets.xcassets; sourceTree = "<group>"; };
		7DC652DA1FAD9B69000EAB74 /* Base */ = {isa = PBXFileReference; lastKnownFileType = file.storyboard; name = Base; path = Base.lproj/Main.storyboard; sourceTree = "<group>"; };
		7DC652DC1FAD9B69000EAB74 /* Info.plist */ = {isa = PBXFileReference; lastKnownFileType = text.plist.xml; path = Info.plist; sourceTree = "<group>"; };
		7DDFA7981FADA2C400B44D93 /* q33.csv */ = {isa = PBXFileReference; fileEncoding = 4; lastKnownFileType = text; path = q33.csv; sourceTree = "<group>"; };
		7DDFA7991FADA2C400B44D93 /* CollectionData.plist */ = {isa = PBXFileReference; fileEncoding = 4; lastKnownFileType = text.plist.xml; path = CollectionData.plist; sourceTree = "<group>"; };
		7DDFA79A1FADA2C400B44D93 /* SwiftPuzzles-Bridging-Header.h */ = {isa = PBXFileReference; fileEncoding = 4; lastKnownFileType = sourcecode.c.h; path = "SwiftPuzzles-Bridging-Header.h"; sourceTree = "<group>"; };
		7DDFA79C1FADA2C400B44D93 /* ButtonActions.swift */ = {isa = PBXFileReference; fileEncoding = 4; lastKnownFileType = sourcecode.swift; path = ButtonActions.swift; sourceTree = "<group>"; };
		7DDFA79D1FADA2C400B44D93 /* NSView+enable.swift */ = {isa = PBXFileReference; fileEncoding = 4; lastKnownFileType = sourcecode.swift; path = "NSView+enable.swift"; sourceTree = "<group>"; };
		7DDFA79F1FADA2C400B44D93 /* SPuzzles.swift */ = {isa = PBXFileReference; fileEncoding = 4; lastKnownFileType = sourcecode.swift; path = SPuzzles.swift; sourceTree = "<group>"; };
		7DDFA7A31FADA2C400B44D93 /* MPuzzles.m */ = {isa = PBXFileReference; fileEncoding = 4; lastKnownFileType = sourcecode.c.objc; path = MPuzzles.m; sourceTree = "<group>"; };
		7DDFA7A71FADA2C400B44D93 /* MBigInteger.swift */ = {isa = PBXFileReference; fileEncoding = 4; lastKnownFileType = sourcecode.swift; path = MBigInteger.swift; sourceTree = "<group>"; };
		7DDFA7A81FADA2C400B44D93 /* BigNumberStr.swift */ = {isa = PBXFileReference; fileEncoding = 4; lastKnownFileType = sourcecode.swift; path = BigNumberStr.swift; sourceTree = "<group>"; };
		7DDFA7A91FADA2C400B44D93 /* DateUtil.swift */ = {isa = PBXFileReference; fileEncoding = 4; lastKnownFileType = sourcecode.swift; path = DateUtil.swift; sourceTree = "<group>"; };
		7DDFA7AA1FADA2C400B44D93 /* BigNumber.swift */ = {isa = PBXFileReference; fileEncoding = 4; lastKnownFileType = sourcecode.swift; path = BigNumber.swift; sourceTree = "<group>"; };
		7DDFA7AB1FADA2C400B44D93 /* BigNumberExt.swift */ = {isa = PBXFileReference; fileEncoding = 4; lastKnownFileType = sourcecode.swift; path = BigNumberExt.swift; sourceTree = "<group>"; };
		7DDFA7AC1FADA2C400B44D93 /* ArrayUtil.swift */ = {isa = PBXFileReference; fileEncoding = 4; lastKnownFileType = sourcecode.swift; path = ArrayUtil.swift; sourceTree = "<group>"; };
		7DDFA7AD1FADA2C400B44D93 /* StringExtension.swift */ = {isa = PBXFileReference; fileEncoding = 4; lastKnownFileType = sourcecode.swift; path = StringExtension.swift; sourceTree = "<group>"; };
		7DDFA7AF1FADA2C400B44D93 /* BigInteger.m */ = {isa = PBXFileReference; fileEncoding = 4; lastKnownFileType = sourcecode.c.objc; path = BigInteger.m; sourceTree = "<group>"; };
		7DDFA7B01FADA2C400B44D93 /* MArrayUtil.h */ = {isa = PBXFileReference; fileEncoding = 4; lastKnownFileType = sourcecode.c.h; path = MArrayUtil.h; sourceTree = "<group>"; };
		7DDFA7B11FADA2C400B44D93 /* NSStringUtil.m */ = {isa = PBXFileReference; fileEncoding = 4; lastKnownFileType = sourcecode.c.objc; path = NSStringUtil.m; sourceTree = "<group>"; };
		7DDFA7B21FADA2C400B44D93 /* MStack.h */ = {isa = PBXFileReference; fileEncoding = 4; lastKnownFileType = sourcecode.c.h; path = MStack.h; sourceTree = "<group>"; };
		7DDFA7B31FADA2C400B44D93 /* BigInteger.h */ = {isa = PBXFileReference; fileEncoding = 4; lastKnownFileType = sourcecode.c.h; path = BigInteger.h; sourceTree = "<group>"; };
		7DDFA7B41FADA2C400B44D93 /* MArrayUtil.m */ = {isa = PBXFileReference; fileEncoding = 4; lastKnownFileType = sourcecode.c.objc; path = MArrayUtil.m; sourceTree = "<group>"; };
		7DDFA7B51FADA2C400B44D93 /* NSStringUtil.h */ = {isa = PBXFileReference; fileEncoding = 4; lastKnownFileType = sourcecode.c.h; path = NSStringUtil.h; sourceTree = "<group>"; };
		7DDFA7B61FADA2C400B44D93 /* MStack.m */ = {isa = PBXFileReference; fileEncoding = 4; lastKnownFileType = sourcecode.c.objc; path = MStack.m; sourceTree = "<group>"; };
		7DDFA7B71FADA2C400B44D93 /* StringUtil.swift */ = {isa = PBXFileReference; fileEncoding = 4; lastKnownFileType = sourcecode.swift; path = StringUtil.swift; sourceTree = "<group>"; };
		7DDFA7B81FADA2C400B44D93 /* SStack.swift */ = {isa = PBXFileReference; fileEncoding = 4; lastKnownFileType = sourcecode.swift; path = SStack.swift; sourceTree = "<group>"; };
		7DE7F4521FADABD900E07360 /* MPuzzles.h */ = {isa = PBXFileReference; fileEncoding = 4; lastKnownFileType = sourcecode.c.h; name = MPuzzles.h; path = macos/MPuzzles.h; sourceTree = "<group>"; };
/* End PBXFileReference section */

/* Begin PBXFrameworksBuildPhase section */
		7DC652CD1FAD9B68000EAB74 /* Frameworks */ = {
			isa = PBXFrameworksBuildPhase;
			buildActionMask = 2147483647;
			files = (
			);
			runOnlyForDeploymentPostprocessing = 0;
		};
/* End PBXFrameworksBuildPhase section */

/* Begin PBXGroup section */
		7DC652C71FAD9B68000EAB74 = {
			isa = PBXGroup;
			children = (
				7DDFA7961FADA2C400B44D93 /* Puzzles_share */,
				7DC652D21FAD9B68000EAB74 /* SwiftPuzzles_macos */,
				7DC652D11FAD9B68000EAB74 /* Products */,
			);
			sourceTree = "<group>";
		};
		7DC652D11FAD9B68000EAB74 /* Products */ = {
			isa = PBXGroup;
			children = (
				7DC652D01FAD9B68000EAB74 /* SwiftPuzzles.app */,
			);
			name = Products;
			sourceTree = "<group>";
		};
		7DC652D21FAD9B68000EAB74 /* SwiftPuzzles_macos */ = {
			isa = PBXGroup;
			children = (
				7DC652D31FAD9B68000EAB74 /* AppDelegate.swift */,
				7DC652D51FAD9B68000EAB74 /* ViewController.swift */,
				7D7B53101FADA53100C8322E /* ViewController2.swift */,
				7D7B53121FADA55500C8322E /* PuzzleActionCellX.swift */,
				7D7B53131FADA55500C8322E /* PuzzleActionCellX.xib */,
				7DC652D71FAD9B68000EAB74 /* Assets.xcassets */,
				7DC652D91FAD9B69000EAB74 /* Main.storyboard */,
				7DC652DC1FAD9B69000EAB74 /* Info.plist */,
			);
			path = SwiftPuzzles_macos;
			sourceTree = "<group>";
		};
		7DDFA7961FADA2C400B44D93 /* Puzzles_share */ = {
			isa = PBXGroup;
			children = (
				7DDFA7971FADA2C400B44D93 /* Misc */,
				7DDFA79B1FADA2C400B44D93 /* UIKit */,
				7DDFA79E1FADA2C400B44D93 /* Api */,
				7DDFA7A61FADA2C400B44D93 /* Utility */,
			);
			path = Puzzles_share;
			sourceTree = "<group>";
		};
		7DDFA7971FADA2C400B44D93 /* Misc */ = {
			isa = PBXGroup;
			children = (
				7DDFA7981FADA2C400B44D93 /* q33.csv */,
				7DDFA7991FADA2C400B44D93 /* CollectionData.plist */,
				7DDFA79A1FADA2C400B44D93 /* SwiftPuzzles-Bridging-Header.h */,
			);
			path = Misc;
			sourceTree = "<group>";
		};
		7DDFA79B1FADA2C400B44D93 /* UIKit */ = {
			isa = PBXGroup;
			children = (
				7DDFA79C1FADA2C400B44D93 /* ButtonActions.swift */,
				7DDFA79D1FADA2C400B44D93 /* NSView+enable.swift */,
			);
			path = UIKit;
			sourceTree = "<group>";
		};
		7DDFA79E1FADA2C400B44D93 /* Api */ = {
			isa = PBXGroup;
			children = (
				7DDFA79F1FADA2C400B44D93 /* SPuzzles.swift */,
				7DDFA7A01FADA2C400B44D93 /* Objc */,
			);
			path = Api;
			sourceTree = "<group>";
		};
		7DDFA7A01FADA2C400B44D93 /* Objc */ = {
			isa = PBXGroup;
			children = (
				7DE7F4521FADABD900E07360 /* MPuzzles.h */,
				7DDFA7A31FADA2C400B44D93 /* MPuzzles.m */,
			);
			path = Objc;
			sourceTree = "<group>";
		};
		7DDFA7A61FADA2C400B44D93 /* Utility */ = {
			isa = PBXGroup;
			children = (
				7DDFA7A71FADA2C400B44D93 /* MBigInteger.swift */,
				7DDFA7A81FADA2C400B44D93 /* BigNumberStr.swift */,
				7DDFA7A91FADA2C400B44D93 /* DateUtil.swift */,
				7DDFA7AA1FADA2C400B44D93 /* BigNumber.swift */,
				7DDFA7AB1FADA2C400B44D93 /* BigNumberExt.swift */,
				7DDFA7AC1FADA2C400B44D93 /* ArrayUtil.swift */,
				7DDFA7AD1FADA2C400B44D93 /* StringExtension.swift */,
				7DDFA7AE1FADA2C400B44D93 /* Objc */,
				7DDFA7B71FADA2C400B44D93 /* StringUtil.swift */,
				7DDFA7B81FADA2C400B44D93 /* SStack.swift */,
			);
			path = Utility;
			sourceTree = "<group>";
		};
		7DDFA7AE1FADA2C400B44D93 /* Objc */ = {
			isa = PBXGroup;
			children = (
				7DDFA7AF1FADA2C400B44D93 /* BigInteger.m */,
				7DDFA7B01FADA2C400B44D93 /* MArrayUtil.h */,
				7DDFA7B11FADA2C400B44D93 /* NSStringUtil.m */,
				7DDFA7B21FADA2C400B44D93 /* MStack.h */,
				7DDFA7B31FADA2C400B44D93 /* BigInteger.h */,
				7DDFA7B41FADA2C400B44D93 /* MArrayUtil.m */,
				7DDFA7B51FADA2C400B44D93 /* NSStringUtil.h */,
				7DDFA7B61FADA2C400B44D93 /* MStack.m */,
			);
			path = Objc;
			sourceTree = "<group>";
		};
/* End PBXGroup section */

/* Begin PBXNativeTarget section */
		7DC652CF1FAD9B68000EAB74 /* SwiftPuzzles */ = {
			isa = PBXNativeTarget;
			buildConfigurationList = 7DC652E01FAD9B69000EAB74 /* Build configuration list for PBXNativeTarget "SwiftPuzzles" */;
			buildPhases = (
				7DC652CC1FAD9B68000EAB74 /* Sources */,
				7DC652CD1FAD9B68000EAB74 /* Frameworks */,
				7DC652CE1FAD9B68000EAB74 /* Resources */,
			);
			buildRules = (
			);
			dependencies = (
			);
			name = SwiftPuzzles;
			productName = SwiftPuzzles_macos;
			productReference = 7DC652D01FAD9B68000EAB74 /* SwiftPuzzles.app */;
			productType = "com.apple.product-type.application";
		};
/* End PBXNativeTarget section */

/* Begin PBXProject section */
		7DC652C81FAD9B68000EAB74 /* Project object */ = {
			isa = PBXProject;
			attributes = {
				LastSwiftUpdateCheck = 0910;
				LastUpgradeCheck = 0910;
				ORGANIZATIONNAME = venus.janne;
				TargetAttributes = {
					7DC652CF1FAD9B68000EAB74 = {
						CreatedOnToolsVersion = 9.1;
						ProvisioningStyle = Automatic;
					};
				};
			};
			buildConfigurationList = 7DC652CB1FAD9B68000EAB74 /* Build configuration list for PBXProject "SwiftPuzzles_macos" */;
			compatibilityVersion = "Xcode 8.0";
			developmentRegion = en;
			hasScannedForEncodings = 0;
			knownRegions = (
				en,
				Base,
			);
			mainGroup = 7DC652C71FAD9B68000EAB74;
			productRefGroup = 7DC652D11FAD9B68000EAB74 /* Products */;
			projectDirPath = "";
			projectRoot = "";
			targets = (
				7DC652CF1FAD9B68000EAB74 /* SwiftPuzzles */,
			);
		};
/* End PBXProject section */

/* Begin PBXResourcesBuildPhase section */
		7DC652CE1FAD9B68000EAB74 /* Resources */ = {
			isa = PBXResourcesBuildPhase;
			buildActionMask = 2147483647;
			files = (
				7DDFA7BA1FADA2C400B44D93 /* CollectionData.plist in Resources */,
				7D7B53151FADA55600C8322E /* PuzzleActionCellX.xib in Resources */,
				7DDFA7B91FADA2C400B44D93 /* q33.csv in Resources */,
				7DC652D81FAD9B68000EAB74 /* Assets.xcassets in Resources */,
				7DC652DB1FAD9B69000EAB74 /* Main.storyboard in Resources */,
			);
			runOnlyForDeploymentPostprocessing = 0;
		};
/* End PBXResourcesBuildPhase section */

/* Begin PBXSourcesBuildPhase section */
		7DC652CC1FAD9B68000EAB74 /* Sources */ = {
			isa = PBXSourcesBuildPhase;
			buildActionMask = 2147483647;
			files = (
				7DDFA7CB1FADA2C400B44D93 /* SStack.swift in Sources */,
				7DDFA7BC1FADA2C400B44D93 /* NSView+enable.swift in Sources */,
				7DDFA7C81FADA2C400B44D93 /* MArrayUtil.m in Sources */,
				7DDFA7C31FADA2C400B44D93 /* BigNumberExt.swift in Sources */,
				7DDFA7C01FADA2C400B44D93 /* BigNumberStr.swift in Sources */,
				7D7B53111FADA53100C8322E /* ViewController2.swift in Sources */,
				7DDFA7C61FADA2C400B44D93 /* BigInteger.m in Sources */,
				7DDFA7BE1FADA2C400B44D93 /* MPuzzles.m in Sources */,
				7DC652D61FAD9B68000EAB74 /* ViewController.swift in Sources */,
				7D7B53141FADA55600C8322E /* PuzzleActionCellX.swift in Sources */,
				7DDFA7C91FADA2C400B44D93 /* MStack.m in Sources */,
				7DDFA7CA1FADA2C400B44D93 /* StringUtil.swift in Sources */,
				7DDFA7BD1FADA2C400B44D93 /* SPuzzles.swift in Sources */,
				7DDFA7BB1FADA2C400B44D93 /* ButtonActions.swift in Sources */,
				7DDFA7C41FADA2C400B44D93 /* ArrayUtil.swift in Sources */,
				7DDFA7C11FADA2C400B44D93 /* DateUtil.swift in Sources */,
				7DDFA7C21FADA2C400B44D93 /* BigNumber.swift in Sources */,
				7DC652D41FAD9B68000EAB74 /* AppDelegate.swift in Sources */,
				7DDFA7C71FADA2C400B44D93 /* NSStringUtil.m in Sources */,
				7DDFA7C51FADA2C400B44D93 /* StringExtension.swift in Sources */,
				7DDFA7BF1FADA2C400B44D93 /* MBigInteger.swift in Sources */,
			);
			runOnlyForDeploymentPostprocessing = 0;
		};
/* End PBXSourcesBuildPhase section */

/* Begin PBXVariantGroup section */
		7DC652D91FAD9B69000EAB74 /* Main.storyboard */ = {
			isa = PBXVariantGroup;
			children = (
				7DC652DA1FAD9B69000EAB74 /* Base */,
			);
			name = Main.storyboard;
			sourceTree = "<group>";
		};
/* End PBXVariantGroup section */

/* Begin XCBuildConfiguration section */
		7DC652DE1FAD9B69000EAB74 /* Debug */ = {
			isa = XCBuildConfiguration;
			buildSettings = {
				ALWAYS_SEARCH_USER_PATHS = NO;
				CLANG_ANALYZER_NONNULL = YES;
				CLANG_ANALYZER_NUMBER_OBJECT_CONVERSION = YES_AGGRESSIVE;
				CLANG_CXX_LANGUAGE_STANDARD = "gnu++14";
				CLANG_CXX_LIBRARY = "libc++";
				CLANG_ENABLE_MODULES = YES;
				CLANG_ENABLE_OBJC_ARC = YES;
				CLANG_WARN_BLOCK_CAPTURE_AUTORELEASING = YES;
				CLANG_WARN_BOOL_CONVERSION = YES;
				CLANG_WARN_COMMA = YES;
				CLANG_WARN_CONSTANT_CONVERSION = YES;
				CLANG_WARN_DIRECT_OBJC_ISA_USAGE = YES_ERROR;
				CLANG_WARN_DOCUMENTATION_COMMENTS = YES;
				CLANG_WARN_EMPTY_BODY = YES;
				CLANG_WARN_ENUM_CONVERSION = YES;
				CLANG_WARN_INFINITE_RECURSION = YES;
				CLANG_WARN_INT_CONVERSION = YES;
				CLANG_WARN_NON_LITERAL_NULL_CONVERSION = YES;
				CLANG_WARN_OBJC_LITERAL_CONVERSION = YES;
				CLANG_WARN_OBJC_ROOT_CLASS = YES_ERROR;
				CLANG_WARN_RANGE_LOOP_ANALYSIS = YES;
				CLANG_WARN_STRICT_PROTOTYPES = YES;
				CLANG_WARN_SUSPICIOUS_MOVE = YES;
				CLANG_WARN_UNGUARDED_AVAILABILITY = YES_AGGRESSIVE;
				CLANG_WARN_UNREACHABLE_CODE = YES;
				CLANG_WARN__DUPLICATE_METHOD_MATCH = YES;
				CODE_SIGN_IDENTITY = "-";
				COPY_PHASE_STRIP = NO;
				DEBUG_INFORMATION_FORMAT = dwarf;
				ENABLE_STRICT_OBJC_MSGSEND = YES;
				ENABLE_TESTABILITY = YES;
				GCC_C_LANGUAGE_STANDARD = gnu11;
				GCC_DYNAMIC_NO_PIC = NO;
				GCC_NO_COMMON_BLOCKS = YES;
				GCC_OPTIMIZATION_LEVEL = 0;
				GCC_PREPROCESSOR_DEFINITIONS = (
					"DEBUG=1",
					"$(inherited)",
				);
				GCC_WARN_64_TO_32_BIT_CONVERSION = YES;
				GCC_WARN_ABOUT_RETURN_TYPE = YES_ERROR;
				GCC_WARN_UNDECLARED_SELECTOR = YES;
				GCC_WARN_UNINITIALIZED_AUTOS = YES_AGGRESSIVE;
				GCC_WARN_UNUSED_FUNCTION = YES;
				GCC_WARN_UNUSED_VARIABLE = YES;
				MACOSX_DEPLOYMENT_TARGET = 10.13;
				MTL_ENABLE_DEBUG_INFO = YES;
				ONLY_ACTIVE_ARCH = YES;
				SDKROOT = macosx;
				SWIFT_ACTIVE_COMPILATION_CONDITIONS = DEBUG;
				SWIFT_OPTIMIZATION_LEVEL = "-Onone";
			};
			name = Debug;
		};
		7DC652DF1FAD9B69000EAB74 /* Release */ = {
			isa = XCBuildConfiguration;
			buildSettings = {
				ALWAYS_SEARCH_USER_PATHS = NO;
				CLANG_ANALYZER_NONNULL = YES;
				CLANG_ANALYZER_NUMBER_OBJECT_CONVERSION = YES_AGGRESSIVE;
				CLANG_CXX_LANGUAGE_STANDARD = "gnu++14";
				CLANG_CXX_LIBRARY = "libc++";
				CLANG_ENABLE_MODULES = YES;
				CLANG_ENABLE_OBJC_ARC = YES;
				CLANG_WARN_BLOCK_CAPTURE_AUTORELEASING = YES;
				CLANG_WARN_BOOL_CONVERSION = YES;
				CLANG_WARN_COMMA = YES;
				CLANG_WARN_CONSTANT_CONVERSION = YES;
				CLANG_WARN_DIRECT_OBJC_ISA_USAGE = YES_ERROR;
				CLANG_WARN_DOCUMENTATION_COMMENTS = YES;
				CLANG_WARN_EMPTY_BODY = YES;
				CLANG_WARN_ENUM_CONVERSION = YES;
				CLANG_WARN_INFINITE_RECURSION = YES;
				CLANG_WARN_INT_CONVERSION = YES;
				CLANG_WARN_NON_LITERAL_NULL_CONVERSION = YES;
				CLANG_WARN_OBJC_LITERAL_CONVERSION = YES;
				CLANG_WARN_OBJC_ROOT_CLASS = YES_ERROR;
				CLANG_WARN_RANGE_LOOP_ANALYSIS = YES;
				CLANG_WARN_STRICT_PROTOTYPES = YES;
				CLANG_WARN_SUSPICIOUS_MOVE = YES;
				CLANG_WARN_UNGUARDED_AVAILABILITY = YES_AGGRESSIVE;
				CLANG_WARN_UNREACHABLE_CODE = YES;
				CLANG_WARN__DUPLICATE_METHOD_MATCH = YES;
				CODE_SIGN_IDENTITY = "-";
				COPY_PHASE_STRIP = NO;
				DEBUG_INFORMATION_FORMAT = "dwarf-with-dsym";
				ENABLE_NS_ASSERTIONS = NO;
				ENABLE_STRICT_OBJC_MSGSEND = YES;
				GCC_C_LANGUAGE_STANDARD = gnu11;
				GCC_NO_COMMON_BLOCKS = YES;
				GCC_WARN_64_TO_32_BIT_CONVERSION = YES;
				GCC_WARN_ABOUT_RETURN_TYPE = YES_ERROR;
				GCC_WARN_UNDECLARED_SELECTOR = YES;
				GCC_WARN_UNINITIALIZED_AUTOS = YES_AGGRESSIVE;
				GCC_WARN_UNUSED_FUNCTION = YES;
				GCC_WARN_UNUSED_VARIABLE = YES;
				MACOSX_DEPLOYMENT_TARGET = 10.13;
				MTL_ENABLE_DEBUG_INFO = NO;
				SDKROOT = macosx;
				SWIFT_OPTIMIZATION_LEVEL = "-Owholemodule";
			};
			name = Release;
		};
		7DC652E11FAD9B69000EAB74 /* Debug */ = {
			isa = XCBuildConfiguration;
			buildSettings = {
				ASSETCATALOG_COMPILER_APPICON_NAME = AppIcon;
				CODE_SIGN_ENTITLEMENTS = "";
				CODE_SIGN_STYLE = Automatic;
				COMBINE_HIDPI_IMAGES = YES;
				INFOPLIST_FILE = SwiftPuzzles_macos/Info.plist;
				LD_RUNPATH_SEARCH_PATHS = "$(inherited) @executable_path/../Frameworks";
				PRODUCT_BUNDLE_IDENTIFIER = "hubpixie.SwiftPuzzles-macos";
				PRODUCT_NAME = "$(TARGET_NAME)";
				SWIFT_OBJC_BRIDGING_HEADER = "Puzzles_share/Misc/SwiftPuzzles-Bridging-Header.h";
				SWIFT_VERSION = 4.0;
			};
			name = Debug;
		};
		7DC652E21FAD9B69000EAB74 /* Release */ = {
			isa = XCBuildConfiguration;
			buildSettings = {
				ASSETCATALOG_COMPILER_APPICON_NAME = AppIcon;
				CODE_SIGN_ENTITLEMENTS = "";
				CODE_SIGN_STYLE = Automatic;
				COMBINE_HIDPI_IMAGES = YES;
				INFOPLIST_FILE = SwiftPuzzles_macos/Info.plist;
				LD_RUNPATH_SEARCH_PATHS = "$(inherited) @executable_path/../Frameworks";
				PRODUCT_BUNDLE_IDENTIFIER = "hubpixie.SwiftPuzzles-macos";
				PRODUCT_NAME = "$(TARGET_NAME)";
				SWIFT_OBJC_BRIDGING_HEADER = "Puzzles_share/Misc/SwiftPuzzles-Bridging-Header.h";
				SWIFT_VERSION = 4.0;
			};
			name = Release;
		};
/* End XCBuildConfiguration section */

/* Begin XCConfigurationList section */
		7DC652CB1FAD9B68000EAB74 /* Build configuration list for PBXProject "SwiftPuzzles_macos" */ = {
			isa = XCConfigurationList;
			buildConfigurations = (
				7DC652DE1FAD9B69000EAB74 /* Debug */,
				7DC652DF1FAD9B69000EAB74 /* Release */,
			);
			defaultConfigurationIsVisible = 0;
			defaultConfigurationName = Release;
		};
		7DC652E01FAD9B69000EAB74 /* Build configuration list for PBXNativeTarget "SwiftPuzzles" */ = {
			isa = XCConfigurationList;
			buildConfigurations = (
				7DC652E11FAD9B69000EAB74 /* Debug */,
				7DC652E21FAD9B69000EAB74 /* Release */,
			);
			defaultConfigurationIsVisible = 0;
			defaultConfigurationName = Release;
		};
/* End XCConfigurationList section */
	};
	rootObject = 7DC652C81FAD9B68000EAB74 /* Project object */;
}
